// !$*UTF8*$!
{
	archiveVersion = 1;
	classes = {
	};
	objectVersion = 51;
	objects = {

/* Begin PBXBuildFile section */
		09C9E1DABC193110F7E32106 /* Pods_CurrencyCalculator_CurrencyCalculatorUITests.framework in Frameworks */ = {isa = PBXBuildFile; fileRef = 49A4658BB3AD7B7374A5B800 /* Pods_CurrencyCalculator_CurrencyCalculatorUITests.framework */; };
		0D979386BC14B63092C1A671 /* Pods_CurrencyCalculator.framework in Frameworks */ = {isa = PBXBuildFile; fileRef = F99812D790E2AC1F1AE1901A /* Pods_CurrencyCalculator.framework */; };
		40C2F7E2A83E72100DA5282A /* Pods_CurrencyCalculatorTests.framework in Frameworks */ = {isa = PBXBuildFile; fileRef = 7780C45263CFD80359A08C33 /* Pods_CurrencyCalculatorTests.framework */; };
		4F275C31259C1487005E8182 /* AppDelegate.swift in Sources */ = {isa = PBXBuildFile; fileRef = 4F275C30259C1487005E8182 /* AppDelegate.swift */; };
		4F275C35259C1487005E8182 /* ViewController.swift in Sources */ = {isa = PBXBuildFile; fileRef = 4F275C34259C1487005E8182 /* ViewController.swift */; };
		4F275C38259C1487005E8182 /* Main.storyboard in Resources */ = {isa = PBXBuildFile; fileRef = 4F275C36259C1487005E8182 /* Main.storyboard */; };
		4F275C3A259C148A005E8182 /* Assets.xcassets in Resources */ = {isa = PBXBuildFile; fileRef = 4F275C39259C148A005E8182 /* Assets.xcassets */; };
		4F275C3D259C148A005E8182 /* LaunchScreen.storyboard in Resources */ = {isa = PBXBuildFile; fileRef = 4F275C3B259C148A005E8182 /* LaunchScreen.storyboard */; };
		4F275C48259C148A005E8182 /* CurrencyCalculatorTests.swift in Sources */ = {isa = PBXBuildFile; fileRef = 4F275C47259C148A005E8182 /* CurrencyCalculatorTests.swift */; };
		4F275C53259C148A005E8182 /* CurrencyCalculatorUITests.swift in Sources */ = {isa = PBXBuildFile; fileRef = 4F275C52259C148A005E8182 /* CurrencyCalculatorUITests.swift */; };
		4F275C76259C1898005E8182 /* Environment.swift in Sources */ = {isa = PBXBuildFile; fileRef = 4F275C67259C1898005E8182 /* Environment.swift */; };
		4F275C77259C1898005E8182 /* Router.swift in Sources */ = {isa = PBXBuildFile; fileRef = 4F275C68259C1898005E8182 /* Router.swift */; };
		4F275C78259C1898005E8182 /* HTTPTask.swift in Sources */ = {isa = PBXBuildFile; fileRef = 4F275C6A259C1898005E8182 /* HTTPTask.swift */; };
		4F275C79259C1898005E8182 /* ParameterEncoding.swift in Sources */ = {isa = PBXBuildFile; fileRef = 4F275C6C259C1898005E8182 /* ParameterEncoding.swift */; };
		4F275C7A259C1898005E8182 /* URLParameterEncoding.swift in Sources */ = {isa = PBXBuildFile; fileRef = 4F275C6D259C1898005E8182 /* URLParameterEncoding.swift */; };
		4F275C7B259C1898005E8182 /* JSONParameterEncoding.swift in Sources */ = {isa = PBXBuildFile; fileRef = 4F275C6E259C1898005E8182 /* JSONParameterEncoding.swift */; };
		4F275C7C259C1898005E8182 /* HTTPMethod.swift in Sources */ = {isa = PBXBuildFile; fileRef = 4F275C6F259C1898005E8182 /* HTTPMethod.swift */; };
		4F275C7E259C1898005E8182 /* EndpointType.swift in Sources */ = {isa = PBXBuildFile; fileRef = 4F275C72259C1898005E8182 /* EndpointType.swift */; };
		4F275C7F259C1898005E8182 /* NetworkError.swift in Sources */ = {isa = PBXBuildFile; fileRef = 4F275C74259C1898005E8182 /* NetworkError.swift */; };
		4F275C85259C1919005E8182 /* SessionManager.swift in Sources */ = {isa = PBXBuildFile; fileRef = 4F275C84259C1919005E8182 /* SessionManager.swift */; };
		4F275C90259C19AA005E8182 /* NetworkRouter.swift in Sources */ = {isa = PBXBuildFile; fileRef = 4F275C8F259C19AA005E8182 /* NetworkRouter.swift */; };
		4F275C98259C1B60005E8182 /* RequestBuilder.swift in Sources */ = {isa = PBXBuildFile; fileRef = 4F275C97259C1B60005E8182 /* RequestBuilder.swift */; };
/* End PBXBuildFile section */

/* Begin PBXContainerItemProxy section */
		4F275C44259C148A005E8182 /* PBXContainerItemProxy */ = {
			isa = PBXContainerItemProxy;
			containerPortal = 4F275C25259C1487005E8182 /* Project object */;
			proxyType = 1;
			remoteGlobalIDString = 4F275C2C259C1487005E8182;
			remoteInfo = CurrencyCalculator;
		};
		4F275C4F259C148A005E8182 /* PBXContainerItemProxy */ = {
			isa = PBXContainerItemProxy;
			containerPortal = 4F275C25259C1487005E8182 /* Project object */;
			proxyType = 1;
			remoteGlobalIDString = 4F275C2C259C1487005E8182;
			remoteInfo = CurrencyCalculator;
		};
/* End PBXContainerItemProxy section */

/* Begin PBXFileReference section */
		20B85831705C7C9D4D91E4D7 /* Pods-CurrencyCalculator.release.xcconfig */ = {isa = PBXFileReference; includeInIndex = 1; lastKnownFileType = text.xcconfig; name = "Pods-CurrencyCalculator.release.xcconfig"; path = "Target Support Files/Pods-CurrencyCalculator/Pods-CurrencyCalculator.release.xcconfig"; sourceTree = "<group>"; };
		49A4658BB3AD7B7374A5B800 /* Pods_CurrencyCalculator_CurrencyCalculatorUITests.framework */ = {isa = PBXFileReference; explicitFileType = wrapper.framework; includeInIndex = 0; path = Pods_CurrencyCalculator_CurrencyCalculatorUITests.framework; sourceTree = BUILT_PRODUCTS_DIR; };
		4F275C2D259C1487005E8182 /* CurrencyCalculator.app */ = {isa = PBXFileReference; explicitFileType = wrapper.application; includeInIndex = 0; path = CurrencyCalculator.app; sourceTree = BUILT_PRODUCTS_DIR; };
		4F275C30259C1487005E8182 /* AppDelegate.swift */ = {isa = PBXFileReference; lastKnownFileType = sourcecode.swift; path = AppDelegate.swift; sourceTree = "<group>"; };
		4F275C34259C1487005E8182 /* ViewController.swift */ = {isa = PBXFileReference; lastKnownFileType = sourcecode.swift; path = ViewController.swift; sourceTree = "<group>"; };
		4F275C37259C1487005E8182 /* Base */ = {isa = PBXFileReference; lastKnownFileType = file.storyboard; name = Base; path = Base.lproj/Main.storyboard; sourceTree = "<group>"; };
		4F275C39259C148A005E8182 /* Assets.xcassets */ = {isa = PBXFileReference; lastKnownFileType = folder.assetcatalog; path = Assets.xcassets; sourceTree = "<group>"; };
		4F275C3C259C148A005E8182 /* Base */ = {isa = PBXFileReference; lastKnownFileType = file.storyboard; name = Base; path = Base.lproj/LaunchScreen.storyboard; sourceTree = "<group>"; };
		4F275C3E259C148A005E8182 /* Info.plist */ = {isa = PBXFileReference; lastKnownFileType = text.plist.xml; path = Info.plist; sourceTree = "<group>"; };
		4F275C43259C148A005E8182 /* CurrencyCalculatorTests.xctest */ = {isa = PBXFileReference; explicitFileType = wrapper.cfbundle; includeInIndex = 0; path = CurrencyCalculatorTests.xctest; sourceTree = BUILT_PRODUCTS_DIR; };
		4F275C47259C148A005E8182 /* CurrencyCalculatorTests.swift */ = {isa = PBXFileReference; lastKnownFileType = sourcecode.swift; path = CurrencyCalculatorTests.swift; sourceTree = "<group>"; };
		4F275C49259C148A005E8182 /* Info.plist */ = {isa = PBXFileReference; lastKnownFileType = text.plist.xml; path = Info.plist; sourceTree = "<group>"; };
		4F275C4E259C148A005E8182 /* CurrencyCalculatorUITests.xctest */ = {isa = PBXFileReference; explicitFileType = wrapper.cfbundle; includeInIndex = 0; path = CurrencyCalculatorUITests.xctest; sourceTree = BUILT_PRODUCTS_DIR; };
		4F275C52259C148A005E8182 /* CurrencyCalculatorUITests.swift */ = {isa = PBXFileReference; lastKnownFileType = sourcecode.swift; path = CurrencyCalculatorUITests.swift; sourceTree = "<group>"; };
		4F275C54259C148A005E8182 /* Info.plist */ = {isa = PBXFileReference; lastKnownFileType = text.plist.xml; path = Info.plist; sourceTree = "<group>"; };
		4F275C67259C1898005E8182 /* Environment.swift */ = {isa = PBXFileReference; fileEncoding = 4; lastKnownFileType = sourcecode.swift; path = Environment.swift; sourceTree = "<group>"; };
		4F275C68259C1898005E8182 /* Router.swift */ = {isa = PBXFileReference; fileEncoding = 4; lastKnownFileType = sourcecode.swift; path = Router.swift; sourceTree = "<group>"; };
		4F275C6A259C1898005E8182 /* HTTPTask.swift */ = {isa = PBXFileReference; fileEncoding = 4; lastKnownFileType = sourcecode.swift; path = HTTPTask.swift; sourceTree = "<group>"; };
		4F275C6C259C1898005E8182 /* ParameterEncoding.swift */ = {isa = PBXFileReference; fileEncoding = 4; lastKnownFileType = sourcecode.swift; path = ParameterEncoding.swift; sourceTree = "<group>"; };
		4F275C6D259C1898005E8182 /* URLParameterEncoding.swift */ = {isa = PBXFileReference; fileEncoding = 4; lastKnownFileType = sourcecode.swift; path = URLParameterEncoding.swift; sourceTree = "<group>"; };
		4F275C6E259C1898005E8182 /* JSONParameterEncoding.swift */ = {isa = PBXFileReference; fileEncoding = 4; lastKnownFileType = sourcecode.swift; path = JSONParameterEncoding.swift; sourceTree = "<group>"; };
		4F275C6F259C1898005E8182 /* HTTPMethod.swift */ = {isa = PBXFileReference; fileEncoding = 4; lastKnownFileType = sourcecode.swift; path = HTTPMethod.swift; sourceTree = "<group>"; };
		4F275C72259C1898005E8182 /* EndpointType.swift */ = {isa = PBXFileReference; fileEncoding = 4; lastKnownFileType = sourcecode.swift; path = EndpointType.swift; sourceTree = "<group>"; };
		4F275C74259C1898005E8182 /* NetworkError.swift */ = {isa = PBXFileReference; fileEncoding = 4; lastKnownFileType = sourcecode.swift; path = NetworkError.swift; sourceTree = "<group>"; };
		4F275C84259C1919005E8182 /* SessionManager.swift */ = {isa = PBXFileReference; lastKnownFileType = sourcecode.swift; path = SessionManager.swift; sourceTree = "<group>"; };
		4F275C8F259C19AA005E8182 /* NetworkRouter.swift */ = {isa = PBXFileReference; lastKnownFileType = sourcecode.swift; path = NetworkRouter.swift; sourceTree = "<group>"; };
		4F275C97259C1B60005E8182 /* RequestBuilder.swift */ = {isa = PBXFileReference; lastKnownFileType = sourcecode.swift; path = RequestBuilder.swift; sourceTree = "<group>"; };
		6112A11E94A69EA95741CBE5 /* Pods-CurrencyCalculator.debug.xcconfig */ = {isa = PBXFileReference; includeInIndex = 1; lastKnownFileType = text.xcconfig; name = "Pods-CurrencyCalculator.debug.xcconfig"; path = "Target Support Files/Pods-CurrencyCalculator/Pods-CurrencyCalculator.debug.xcconfig"; sourceTree = "<group>"; };
		7780C45263CFD80359A08C33 /* Pods_CurrencyCalculatorTests.framework */ = {isa = PBXFileReference; explicitFileType = wrapper.framework; includeInIndex = 0; path = Pods_CurrencyCalculatorTests.framework; sourceTree = BUILT_PRODUCTS_DIR; };
		96E7E00C19AA3F7E35D30F9C /* Pods-CurrencyCalculator-CurrencyCalculatorUITests.debug.xcconfig */ = {isa = PBXFileReference; includeInIndex = 1; lastKnownFileType = text.xcconfig; name = "Pods-CurrencyCalculator-CurrencyCalculatorUITests.debug.xcconfig"; path = "Target Support Files/Pods-CurrencyCalculator-CurrencyCalculatorUITests/Pods-CurrencyCalculator-CurrencyCalculatorUITests.debug.xcconfig"; sourceTree = "<group>"; };
		9A8A6C4B3102AC7AE4E9148D /* Pods-CurrencyCalculator-CurrencyCalculatorUITests.release.xcconfig */ = {isa = PBXFileReference; includeInIndex = 1; lastKnownFileType = text.xcconfig; name = "Pods-CurrencyCalculator-CurrencyCalculatorUITests.release.xcconfig"; path = "Target Support Files/Pods-CurrencyCalculator-CurrencyCalculatorUITests/Pods-CurrencyCalculator-CurrencyCalculatorUITests.release.xcconfig"; sourceTree = "<group>"; };
		DC52C350527F101AE179ACB3 /* Pods-CurrencyCalculatorTests.debug.xcconfig */ = {isa = PBXFileReference; includeInIndex = 1; lastKnownFileType = text.xcconfig; name = "Pods-CurrencyCalculatorTests.debug.xcconfig"; path = "Target Support Files/Pods-CurrencyCalculatorTests/Pods-CurrencyCalculatorTests.debug.xcconfig"; sourceTree = "<group>"; };
		DFBF0832BF1F913343F0FF3E /* Pods-CurrencyCalculatorTests.release.xcconfig */ = {isa = PBXFileReference; includeInIndex = 1; lastKnownFileType = text.xcconfig; name = "Pods-CurrencyCalculatorTests.release.xcconfig"; path = "Target Support Files/Pods-CurrencyCalculatorTests/Pods-CurrencyCalculatorTests.release.xcconfig"; sourceTree = "<group>"; };
		F99812D790E2AC1F1AE1901A /* Pods_CurrencyCalculator.framework */ = {isa = PBXFileReference; explicitFileType = wrapper.framework; includeInIndex = 0; path = Pods_CurrencyCalculator.framework; sourceTree = BUILT_PRODUCTS_DIR; };
/* End PBXFileReference section */

/* Begin PBXFrameworksBuildPhase section */
		4F275C2A259C1487005E8182 /* Frameworks */ = {
			isa = PBXFrameworksBuildPhase;
			buildActionMask = 2147483647;
			files = (
				0D979386BC14B63092C1A671 /* Pods_CurrencyCalculator.framework in Frameworks */,
			);
			runOnlyForDeploymentPostprocessing = 0;
		};
		4F275C40259C148A005E8182 /* Frameworks */ = {
			isa = PBXFrameworksBuildPhase;
			buildActionMask = 2147483647;
			files = (
				40C2F7E2A83E72100DA5282A /* Pods_CurrencyCalculatorTests.framework in Frameworks */,
			);
			runOnlyForDeploymentPostprocessing = 0;
		};
		4F275C4B259C148A005E8182 /* Frameworks */ = {
			isa = PBXFrameworksBuildPhase;
			buildActionMask = 2147483647;
			files = (
				09C9E1DABC193110F7E32106 /* Pods_CurrencyCalculator_CurrencyCalculatorUITests.framework in Frameworks */,
			);
			runOnlyForDeploymentPostprocessing = 0;
		};
/* End PBXFrameworksBuildPhase section */

/* Begin PBXGroup section */
		33FE7E7C727D04CD7CCEF243 /* Frameworks */ = {
			isa = PBXGroup;
			children = (
				F99812D790E2AC1F1AE1901A /* Pods_CurrencyCalculator.framework */,
				49A4658BB3AD7B7374A5B800 /* Pods_CurrencyCalculator_CurrencyCalculatorUITests.framework */,
				7780C45263CFD80359A08C33 /* Pods_CurrencyCalculatorTests.framework */,
			);
			name = Frameworks;
			sourceTree = "<group>";
		};
		4F275C24259C1487005E8182 = {
			isa = PBXGroup;
			children = (
				4F275C2F259C1487005E8182 /* CurrencyCalculator */,
				4F275C46259C148A005E8182 /* CurrencyCalculatorTests */,
				4F275C51259C148A005E8182 /* CurrencyCalculatorUITests */,
				4F275C2E259C1487005E8182 /* Products */,
				97F1F63D47F79B99D66EF65F /* Pods */,
				33FE7E7C727D04CD7CCEF243 /* Frameworks */,
			);
			sourceTree = "<group>";
		};
		4F275C2E259C1487005E8182 /* Products */ = {
			isa = PBXGroup;
			children = (
				4F275C2D259C1487005E8182 /* CurrencyCalculator.app */,
				4F275C43259C148A005E8182 /* CurrencyCalculatorTests.xctest */,
				4F275C4E259C148A005E8182 /* CurrencyCalculatorUITests.xctest */,
			);
			name = Products;
			sourceTree = "<group>";
		};
		4F275C2F259C1487005E8182 /* CurrencyCalculator */ = {
			isa = PBXGroup;
			children = (
				4F275C30259C1487005E8182 /* AppDelegate.swift */,
				4F275C34259C1487005E8182 /* ViewController.swift */,
				4F275C36259C1487005E8182 /* Main.storyboard */,
				4F275C39259C148A005E8182 /* Assets.xcassets */,
				4F275C3B259C148A005E8182 /* LaunchScreen.storyboard */,
				4F275C66259C1898005E8182 /* Networking */,
				4F275C3E259C148A005E8182 /* Info.plist */,
			);
			path = CurrencyCalculator;
			sourceTree = "<group>";
		};
		4F275C46259C148A005E8182 /* CurrencyCalculatorTests */ = {
			isa = PBXGroup;
			children = (
				4F275C47259C148A005E8182 /* CurrencyCalculatorTests.swift */,
				4F275C49259C148A005E8182 /* Info.plist */,
			);
			path = CurrencyCalculatorTests;
			sourceTree = "<group>";
		};
		4F275C51259C148A005E8182 /* CurrencyCalculatorUITests */ = {
			isa = PBXGroup;
			children = (
				4F275C52259C148A005E8182 /* CurrencyCalculatorUITests.swift */,
				4F275C54259C148A005E8182 /* Info.plist */,
			);
			path = CurrencyCalculatorUITests;
			sourceTree = "<group>";
		};
		4F275C66259C1898005E8182 /* Networking */ = {
			isa = PBXGroup;
			children = (
				4F275CEA259DDCA8005E8182 /* Session */,
				4F275CE6259DDC95005E8182 /* Routing */,
				4F275C69259C1898005E8182 /* Endpoint */,
			);
			path = Networking;
			sourceTree = "<group>";
		};
		4F275C69259C1898005E8182 /* Endpoint */ = {
			isa = PBXGroup;
			children = (
				4F275C6A259C1898005E8182 /* HTTPTask.swift */,
				4F275C6F259C1898005E8182 /* HTTPMethod.swift */,
				4F275C72259C1898005E8182 /* EndpointType.swift */,
				4F275C6B259C1898005E8182 /* Encoding */,
				4F275C73259C1898005E8182 /* Error */,
			);
			path = Endpoint;
			sourceTree = "<group>";
		};
		4F275C6B259C1898005E8182 /* Encoding */ = {
			isa = PBXGroup;
			children = (
				4F275C6C259C1898005E8182 /* ParameterEncoding.swift */,
				4F275C6D259C1898005E8182 /* URLParameterEncoding.swift */,
				4F275C6E259C1898005E8182 /* JSONParameterEncoding.swift */,
			);
			path = Encoding;
			sourceTree = "<group>";
		};
		4F275C73259C1898005E8182 /* Error */ = {
			isa = PBXGroup;
			children = (
				4F275C74259C1898005E8182 /* NetworkError.swift */,
			);
			path = Error;
			sourceTree = "<group>";
		};
		4F275CE6259DDC95005E8182 /* Routing */ = {
			isa = PBXGroup;
			children = (
				4F275C68259C1898005E8182 /* Router.swift */,
				4F275C97259C1B60005E8182 /* RequestBuilder.swift */,
				4F275C8F259C19AA005E8182 /* NetworkRouter.swift */,
			);
			path = Routing;
			sourceTree = "<group>";
		};
		4F275CEA259DDCA8005E8182 /* Session */ = {
			isa = PBXGroup;
			children = (
				4F275C67259C1898005E8182 /* Environment.swift */,
				4F275C84259C1919005E8182 /* SessionManager.swift */,
			);
			path = Session;
			sourceTree = "<group>";
		};
		97F1F63D47F79B99D66EF65F /* Pods */ = {
			isa = PBXGroup;
			children = (
				6112A11E94A69EA95741CBE5 /* Pods-CurrencyCalculator.debug.xcconfig */,
				20B85831705C7C9D4D91E4D7 /* Pods-CurrencyCalculator.release.xcconfig */,
				96E7E00C19AA3F7E35D30F9C /* Pods-CurrencyCalculator-CurrencyCalculatorUITests.debug.xcconfig */,
				9A8A6C4B3102AC7AE4E9148D /* Pods-CurrencyCalculator-CurrencyCalculatorUITests.release.xcconfig */,
				DC52C350527F101AE179ACB3 /* Pods-CurrencyCalculatorTests.debug.xcconfig */,
				DFBF0832BF1F913343F0FF3E /* Pods-CurrencyCalculatorTests.release.xcconfig */,
			);
			path = Pods;
			sourceTree = "<group>";
		};
/* End PBXGroup section */

/* Begin PBXNativeTarget section */
		4F275C2C259C1487005E8182 /* CurrencyCalculator */ = {
			isa = PBXNativeTarget;
			buildConfigurationList = 4F275C57259C148A005E8182 /* Build configuration list for PBXNativeTarget "CurrencyCalculator" */;
			buildPhases = (
				CD248C1FE094EC192C34A3B1 /* [CP] Check Pods Manifest.lock */,
				4F275C29259C1487005E8182 /* Sources */,
				4F275C2A259C1487005E8182 /* Frameworks */,
				4F275C2B259C1487005E8182 /* Resources */,
				9EF8089B18795A6481157ED7 /* [CP] Embed Pods Frameworks */,
			);
			buildRules = (
			);
			dependencies = (
			);
			name = CurrencyCalculator;
			productName = CurrencyCalculator;
			productReference = 4F275C2D259C1487005E8182 /* CurrencyCalculator.app */;
			productType = "com.apple.product-type.application";
		};
		4F275C42259C148A005E8182 /* CurrencyCalculatorTests */ = {
			isa = PBXNativeTarget;
			buildConfigurationList = 4F275C5A259C148A005E8182 /* Build configuration list for PBXNativeTarget "CurrencyCalculatorTests" */;
			buildPhases = (
				CE0CDD4422D9A6001A784257 /* [CP] Check Pods Manifest.lock */,
				4F275C3F259C148A005E8182 /* Sources */,
				4F275C40259C148A005E8182 /* Frameworks */,
				4F275C41259C148A005E8182 /* Resources */,
			);
			buildRules = (
			);
			dependencies = (
				4F275C45259C148A005E8182 /* PBXTargetDependency */,
			);
			name = CurrencyCalculatorTests;
			productName = CurrencyCalculatorTests;
			productReference = 4F275C43259C148A005E8182 /* CurrencyCalculatorTests.xctest */;
			productType = "com.apple.product-type.bundle.unit-test";
		};
		4F275C4D259C148A005E8182 /* CurrencyCalculatorUITests */ = {
			isa = PBXNativeTarget;
			buildConfigurationList = 4F275C5D259C148A005E8182 /* Build configuration list for PBXNativeTarget "CurrencyCalculatorUITests" */;
			buildPhases = (
				4B654D9146EEB0ABCA0E2910 /* [CP] Check Pods Manifest.lock */,
				4F275C4A259C148A005E8182 /* Sources */,
				4F275C4B259C148A005E8182 /* Frameworks */,
				4F275C4C259C148A005E8182 /* Resources */,
				7AF20D96D1A28F1D11126DA8 /* [CP] Embed Pods Frameworks */,
			);
			buildRules = (
			);
			dependencies = (
				4F275C50259C148A005E8182 /* PBXTargetDependency */,
			);
			name = CurrencyCalculatorUITests;
			productName = CurrencyCalculatorUITests;
			productReference = 4F275C4E259C148A005E8182 /* CurrencyCalculatorUITests.xctest */;
			productType = "com.apple.product-type.bundle.ui-testing";
		};
/* End PBXNativeTarget section */

/* Begin PBXProject section */
		4F275C25259C1487005E8182 /* Project object */ = {
			isa = PBXProject;
			attributes = {
				LastSwiftUpdateCheck = 1220;
				LastUpgradeCheck = 1220;
				TargetAttributes = {
					4F275C2C259C1487005E8182 = {
						CreatedOnToolsVersion = 12.2;
					};
					4F275C42259C148A005E8182 = {
						CreatedOnToolsVersion = 12.2;
						TestTargetID = 4F275C2C259C1487005E8182;
					};
					4F275C4D259C148A005E8182 = {
						CreatedOnToolsVersion = 12.2;
						TestTargetID = 4F275C2C259C1487005E8182;
					};
				};
			};
			buildConfigurationList = 4F275C28259C1487005E8182 /* Build configuration list for PBXProject "CurrencyCalculator" */;
			compatibilityVersion = "Xcode 9.3";
			developmentRegion = en;
			hasScannedForEncodings = 0;
			knownRegions = (
				en,
				Base,
			);
			mainGroup = 4F275C24259C1487005E8182;
			productRefGroup = 4F275C2E259C1487005E8182 /* Products */;
			projectDirPath = "";
			projectRoot = "";
			targets = (
				4F275C2C259C1487005E8182 /* CurrencyCalculator */,
				4F275C42259C148A005E8182 /* CurrencyCalculatorTests */,
				4F275C4D259C148A005E8182 /* CurrencyCalculatorUITests */,
			);
		};
/* End PBXProject section */

/* Begin PBXResourcesBuildPhase section */
		4F275C2B259C1487005E8182 /* Resources */ = {
			isa = PBXResourcesBuildPhase;
			buildActionMask = 2147483647;
			files = (
				4F275C3D259C148A005E8182 /* LaunchScreen.storyboard in Resources */,
				4F275C3A259C148A005E8182 /* Assets.xcassets in Resources */,
				4F275C38259C1487005E8182 /* Main.storyboard in Resources */,
			);
			runOnlyForDeploymentPostprocessing = 0;
		};
		4F275C41259C148A005E8182 /* Resources */ = {
			isa = PBXResourcesBuildPhase;
			buildActionMask = 2147483647;
			files = (
			);
			runOnlyForDeploymentPostprocessing = 0;
		};
		4F275C4C259C148A005E8182 /* Resources */ = {
			isa = PBXResourcesBuildPhase;
			buildActionMask = 2147483647;
			files = (
			);
			runOnlyForDeploymentPostprocessing = 0;
		};
/* End PBXResourcesBuildPhase section */

/* Begin PBXShellScriptBuildPhase section */
		4B654D9146EEB0ABCA0E2910 /* [CP] Check Pods Manifest.lock */ = {
			isa = PBXShellScriptBuildPhase;
			buildActionMask = 2147483647;
			files = (
			);
			inputFileListPaths = (
			);
			inputPaths = (
				"${PODS_PODFILE_DIR_PATH}/Podfile.lock",
				"${PODS_ROOT}/Manifest.lock",
			);
			name = "[CP] Check Pods Manifest.lock";
			outputFileListPaths = (
			);
			outputPaths = (
				"$(DERIVED_FILE_DIR)/Pods-CurrencyCalculator-CurrencyCalculatorUITests-checkManifestLockResult.txt",
			);
			runOnlyForDeploymentPostprocessing = 0;
			shellPath = /bin/sh;
			shellScript = "diff \"${PODS_PODFILE_DIR_PATH}/Podfile.lock\" \"${PODS_ROOT}/Manifest.lock\" > /dev/null\nif [ $? != 0 ] ; then\n    # print error to STDERR\n    echo \"error: The sandbox is not in sync with the Podfile.lock. Run 'pod install' or update your CocoaPods installation.\" >&2\n    exit 1\nfi\n# This output is used by Xcode 'outputs' to avoid re-running this script phase.\necho \"SUCCESS\" > \"${SCRIPT_OUTPUT_FILE_0}\"\n";
			showEnvVarsInLog = 0;
		};
		7AF20D96D1A28F1D11126DA8 /* [CP] Embed Pods Frameworks */ = {
			isa = PBXShellScriptBuildPhase;
			buildActionMask = 2147483647;
			files = (
			);
			inputFileListPaths = (
				"${PODS_ROOT}/Target Support Files/Pods-CurrencyCalculator-CurrencyCalculatorUITests/Pods-CurrencyCalculator-CurrencyCalculatorUITests-frameworks-${CONFIGURATION}-input-files.xcfilelist",
			);
			name = "[CP] Embed Pods Frameworks";
			outputFileListPaths = (
				"${PODS_ROOT}/Target Support Files/Pods-CurrencyCalculator-CurrencyCalculatorUITests/Pods-CurrencyCalculator-CurrencyCalculatorUITests-frameworks-${CONFIGURATION}-output-files.xcfilelist",
			);
			runOnlyForDeploymentPostprocessing = 0;
			shellPath = /bin/sh;
			shellScript = "\"${PODS_ROOT}/Target Support Files/Pods-CurrencyCalculator-CurrencyCalculatorUITests/Pods-CurrencyCalculator-CurrencyCalculatorUITests-frameworks.sh\"\n";
			showEnvVarsInLog = 0;
		};
		9EF8089B18795A6481157ED7 /* [CP] Embed Pods Frameworks */ = {
			isa = PBXShellScriptBuildPhase;
			buildActionMask = 2147483647;
			files = (
			);
			inputFileListPaths = (
				"${PODS_ROOT}/Target Support Files/Pods-CurrencyCalculator/Pods-CurrencyCalculator-frameworks-${CONFIGURATION}-input-files.xcfilelist",
			);
			name = "[CP] Embed Pods Frameworks";
			outputFileListPaths = (
				"${PODS_ROOT}/Target Support Files/Pods-CurrencyCalculator/Pods-CurrencyCalculator-frameworks-${CONFIGURATION}-output-files.xcfilelist",
			);
			runOnlyForDeploymentPostprocessing = 0;
			shellPath = /bin/sh;
			shellScript = "\"${PODS_ROOT}/Target Support Files/Pods-CurrencyCalculator/Pods-CurrencyCalculator-frameworks.sh\"\n";
			showEnvVarsInLog = 0;
		};
		CD248C1FE094EC192C34A3B1 /* [CP] Check Pods Manifest.lock */ = {
			isa = PBXShellScriptBuildPhase;
			buildActionMask = 2147483647;
			files = (
			);
			inputFileListPaths = (
			);
			inputPaths = (
				"${PODS_PODFILE_DIR_PATH}/Podfile.lock",
				"${PODS_ROOT}/Manifest.lock",
			);
			name = "[CP] Check Pods Manifest.lock";
			outputFileListPaths = (
			);
			outputPaths = (
				"$(DERIVED_FILE_DIR)/Pods-CurrencyCalculator-checkManifestLockResult.txt",
			);
			runOnlyForDeploymentPostprocessing = 0;
			shellPath = /bin/sh;
			shellScript = "diff \"${PODS_PODFILE_DIR_PATH}/Podfile.lock\" \"${PODS_ROOT}/Manifest.lock\" > /dev/null\nif [ $? != 0 ] ; then\n    # print error to STDERR\n    echo \"error: The sandbox is not in sync with the Podfile.lock. Run 'pod install' or update your CocoaPods installation.\" >&2\n    exit 1\nfi\n# This output is used by Xcode 'outputs' to avoid re-running this script phase.\necho \"SUCCESS\" > \"${SCRIPT_OUTPUT_FILE_0}\"\n";
			showEnvVarsInLog = 0;
		};
		CE0CDD4422D9A6001A784257 /* [CP] Check Pods Manifest.lock */ = {
			isa = PBXShellScriptBuildPhase;
			buildActionMask = 2147483647;
			files = (
			);
			inputFileListPaths = (
			);
			inputPaths = (
				"${PODS_PODFILE_DIR_PATH}/Podfile.lock",
				"${PODS_ROOT}/Manifest.lock",
			);
			name = "[CP] Check Pods Manifest.lock";
			outputFileListPaths = (
			);
			outputPaths = (
				"$(DERIVED_FILE_DIR)/Pods-CurrencyCalculatorTests-checkManifestLockResult.txt",
			);
			runOnlyForDeploymentPostprocessing = 0;
			shellPath = /bin/sh;
			shellScript = "diff \"${PODS_PODFILE_DIR_PATH}/Podfile.lock\" \"${PODS_ROOT}/Manifest.lock\" > /dev/null\nif [ $? != 0 ] ; then\n    # print error to STDERR\n    echo \"error: The sandbox is not in sync with the Podfile.lock. Run 'pod install' or update your CocoaPods installation.\" >&2\n    exit 1\nfi\n# This output is used by Xcode 'outputs' to avoid re-running this script phase.\necho \"SUCCESS\" > \"${SCRIPT_OUTPUT_FILE_0}\"\n";
			showEnvVarsInLog = 0;
		};
/* End PBXShellScriptBuildPhase section */

/* Begin PBXSourcesBuildPhase section */
		4F275C29259C1487005E8182 /* Sources */ = {
			isa = PBXSourcesBuildPhase;
			buildActionMask = 2147483647;
			files = (
				4F275C98259C1B60005E8182 /* RequestBuilder.swift in Sources */,
				4F275C7A259C1898005E8182 /* URLParameterEncoding.swift in Sources */,
				4F275C79259C1898005E8182 /* ParameterEncoding.swift in Sources */,
				4F275C90259C19AA005E8182 /* NetworkRouter.swift in Sources */,
				4F275C78259C1898005E8182 /* HTTPTask.swift in Sources */,
				4F275C35259C1487005E8182 /* ViewController.swift in Sources */,
				4F275C31259C1487005E8182 /* AppDelegate.swift in Sources */,
				4F275C77259C1898005E8182 /* Router.swift in Sources */,
				4F275C85259C1919005E8182 /* SessionManager.swift in Sources */,
				4F275C76259C1898005E8182 /* Environment.swift in Sources */,
				4F275C7E259C1898005E8182 /* EndpointType.swift in Sources */,
				4F275C7F259C1898005E8182 /* NetworkError.swift in Sources */,
				4F275C7C259C1898005E8182 /* HTTPMethod.swift in Sources */,
				4F275C7B259C1898005E8182 /* JSONParameterEncoding.swift in Sources */,
			);
			runOnlyForDeploymentPostprocessing = 0;
		};
		4F275C3F259C148A005E8182 /* Sources */ = {
			isa = PBXSourcesBuildPhase;
			buildActionMask = 2147483647;
			files = (
				4F275C48259C148A005E8182 /* CurrencyCalculatorTests.swift in Sources */,
			);
			runOnlyForDeploymentPostprocessing = 0;
		};
		4F275C4A259C148A005E8182 /* Sources */ = {
			isa = PBXSourcesBuildPhase;
			buildActionMask = 2147483647;
			files = (
				4F275C53259C148A005E8182 /* CurrencyCalculatorUITests.swift in Sources */,
			);
			runOnlyForDeploymentPostprocessing = 0;
		};
/* End PBXSourcesBuildPhase section */

/* Begin PBXTargetDependency section */
		4F275C45259C148A005E8182 /* PBXTargetDependency */ = {
			isa = PBXTargetDependency;
			target = 4F275C2C259C1487005E8182 /* CurrencyCalculator */;
			targetProxy = 4F275C44259C148A005E8182 /* PBXContainerItemProxy */;
		};
		4F275C50259C148A005E8182 /* PBXTargetDependency */ = {
			isa = PBXTargetDependency;
			target = 4F275C2C259C1487005E8182 /* CurrencyCalculator */;
			targetProxy = 4F275C4F259C148A005E8182 /* PBXContainerItemProxy */;
		};
/* End PBXTargetDependency section */

/* Begin PBXVariantGroup section */
		4F275C36259C1487005E8182 /* Main.storyboard */ = {
			isa = PBXVariantGroup;
			children = (
				4F275C37259C1487005E8182 /* Base */,
			);
			name = Main.storyboard;
			sourceTree = "<group>";
		};
		4F275C3B259C148A005E8182 /* LaunchScreen.storyboard */ = {
			isa = PBXVariantGroup;
			children = (
				4F275C3C259C148A005E8182 /* Base */,
			);
			name = LaunchScreen.storyboard;
			sourceTree = "<group>";
		};
/* End PBXVariantGroup section */

/* Begin XCBuildConfiguration section */
		4F275C55259C148A005E8182 /* Debug */ = {
			isa = XCBuildConfiguration;
			buildSettings = {
				ALWAYS_SEARCH_USER_PATHS = NO;
				CLANG_ANALYZER_NONNULL = YES;
				CLANG_ANALYZER_NUMBER_OBJECT_CONVERSION = YES_AGGRESSIVE;
				CLANG_CXX_LANGUAGE_STANDARD = "gnu++14";
				CLANG_CXX_LIBRARY = "libc++";
				CLANG_ENABLE_MODULES = YES;
				CLANG_ENABLE_OBJC_ARC = YES;
				CLANG_ENABLE_OBJC_WEAK = YES;
				CLANG_WARN_BLOCK_CAPTURE_AUTORELEASING = YES;
				CLANG_WARN_BOOL_CONVERSION = YES;
				CLANG_WARN_COMMA = YES;
				CLANG_WARN_CONSTANT_CONVERSION = YES;
				CLANG_WARN_DEPRECATED_OBJC_IMPLEMENTATIONS = YES;
				CLANG_WARN_DIRECT_OBJC_ISA_USAGE = YES_ERROR;
				CLANG_WARN_DOCUMENTATION_COMMENTS = YES;
				CLANG_WARN_EMPTY_BODY = YES;
				CLANG_WARN_ENUM_CONVERSION = YES;
				CLANG_WARN_INFINITE_RECURSION = YES;
				CLANG_WARN_INT_CONVERSION = YES;
				CLANG_WARN_NON_LITERAL_NULL_CONVERSION = YES;
				CLANG_WARN_OBJC_IMPLICIT_RETAIN_SELF = YES;
				CLANG_WARN_OBJC_LITERAL_CONVERSION = YES;
				CLANG_WARN_OBJC_ROOT_CLASS = YES_ERROR;
				CLANG_WARN_QUOTED_INCLUDE_IN_FRAMEWORK_HEADER = YES;
				CLANG_WARN_RANGE_LOOP_ANALYSIS = YES;
				CLANG_WARN_STRICT_PROTOTYPES = YES;
				CLANG_WARN_SUSPICIOUS_MOVE = YES;
				CLANG_WARN_UNGUARDED_AVAILABILITY = YES_AGGRESSIVE;
				CLANG_WARN_UNREACHABLE_CODE = YES;
				CLANG_WARN__DUPLICATE_METHOD_MATCH = YES;
				COPY_PHASE_STRIP = NO;
				DEBUG_INFORMATION_FORMAT = dwarf;
				ENABLE_STRICT_OBJC_MSGSEND = YES;
				ENABLE_TESTABILITY = YES;
				GCC_C_LANGUAGE_STANDARD = gnu11;
				GCC_DYNAMIC_NO_PIC = NO;
				GCC_NO_COMMON_BLOCKS = YES;
				GCC_OPTIMIZATION_LEVEL = 0;
				GCC_PREPROCESSOR_DEFINITIONS = (
					"DEBUG=1",
					"$(inherited)",
				);
				GCC_WARN_64_TO_32_BIT_CONVERSION = YES;
				GCC_WARN_ABOUT_RETURN_TYPE = YES_ERROR;
				GCC_WARN_UNDECLARED_SELECTOR = YES;
				GCC_WARN_UNINITIALIZED_AUTOS = YES_AGGRESSIVE;
				GCC_WARN_UNUSED_FUNCTION = YES;
				GCC_WARN_UNUSED_VARIABLE = YES;
				IPHONEOS_DEPLOYMENT_TARGET = 12.0;
				MTL_ENABLE_DEBUG_INFO = INCLUDE_SOURCE;
				MTL_FAST_MATH = YES;
				ONLY_ACTIVE_ARCH = YES;
				SDKROOT = iphoneos;
				SWIFT_ACTIVE_COMPILATION_CONDITIONS = DEBUG;
				SWIFT_OPTIMIZATION_LEVEL = "-Onone";
			};
			name = Debug;
		};
		4F275C56259C148A005E8182 /* Release */ = {
			isa = XCBuildConfiguration;
			buildSettings = {
				ALWAYS_SEARCH_USER_PATHS = NO;
				CLANG_ANALYZER_NONNULL = YES;
				CLANG_ANALYZER_NUMBER_OBJECT_CONVERSION = YES_AGGRESSIVE;
				CLANG_CXX_LANGUAGE_STANDARD = "gnu++14";
				CLANG_CXX_LIBRARY = "libc++";
				CLANG_ENABLE_MODULES = YES;
				CLANG_ENABLE_OBJC_ARC = YES;
				CLANG_ENABLE_OBJC_WEAK = YES;
				CLANG_WARN_BLOCK_CAPTURE_AUTORELEASING = YES;
				CLANG_WARN_BOOL_CONVERSION = YES;
				CLANG_WARN_COMMA = YES;
				CLANG_WARN_CONSTANT_CONVERSION = YES;
				CLANG_WARN_DEPRECATED_OBJC_IMPLEMENTATIONS = YES;
				CLANG_WARN_DIRECT_OBJC_ISA_USAGE = YES_ERROR;
				CLANG_WARN_DOCUMENTATION_COMMENTS = YES;
				CLANG_WARN_EMPTY_BODY = YES;
				CLANG_WARN_ENUM_CONVERSION = YES;
				CLANG_WARN_INFINITE_RECURSION = YES;
				CLANG_WARN_INT_CONVERSION = YES;
				CLANG_WARN_NON_LITERAL_NULL_CONVERSION = YES;
				CLANG_WARN_OBJC_IMPLICIT_RETAIN_SELF = YES;
				CLANG_WARN_OBJC_LITERAL_CONVERSION = YES;
				CLANG_WARN_OBJC_ROOT_CLASS = YES_ERROR;
				CLANG_WARN_QUOTED_INCLUDE_IN_FRAMEWORK_HEADER = YES;
				CLANG_WARN_RANGE_LOOP_ANALYSIS = YES;
				CLANG_WARN_STRICT_PROTOTYPES = YES;
				CLANG_WARN_SUSPICIOUS_MOVE = YES;
				CLANG_WARN_UNGUARDED_AVAILABILITY = YES_AGGRESSIVE;
				CLANG_WARN_UNREACHABLE_CODE = YES;
				CLANG_WARN__DUPLICATE_METHOD_MATCH = YES;
				COPY_PHASE_STRIP = NO;
				DEBUG_INFORMATION_FORMAT = "dwarf-with-dsym";
				ENABLE_NS_ASSERTIONS = NO;
				ENABLE_STRICT_OBJC_MSGSEND = YES;
				GCC_C_LANGUAGE_STANDARD = gnu11;
				GCC_NO_COMMON_BLOCKS = YES;
				GCC_WARN_64_TO_32_BIT_CONVERSION = YES;
				GCC_WARN_ABOUT_RETURN_TYPE = YES_ERROR;
				GCC_WARN_UNDECLARED_SELECTOR = YES;
				GCC_WARN_UNINITIALIZED_AUTOS = YES_AGGRESSIVE;
				GCC_WARN_UNUSED_FUNCTION = YES;
				GCC_WARN_UNUSED_VARIABLE = YES;
				IPHONEOS_DEPLOYMENT_TARGET = 12.0;
				MTL_ENABLE_DEBUG_INFO = NO;
				MTL_FAST_MATH = YES;
				SDKROOT = iphoneos;
				SWIFT_COMPILATION_MODE = wholemodule;
				SWIFT_OPTIMIZATION_LEVEL = "-O";
				VALIDATE_PRODUCT = YES;
			};
			name = Release;
		};
		4F275C58259C148A005E8182 /* Debug */ = {
			isa = XCBuildConfiguration;
			baseConfigurationReference = 6112A11E94A69EA95741CBE5 /* Pods-CurrencyCalculator.debug.xcconfig */;
			buildSettings = {
				ASSETCATALOG_COMPILER_APPICON_NAME = AppIcon;
				ASSETCATALOG_COMPILER_GLOBAL_ACCENT_COLOR_NAME = AccentColor;
				CODE_SIGN_STYLE = Automatic;
				INFOPLIST_FILE = CurrencyCalculator/Info.plist;
				LD_RUNPATH_SEARCH_PATHS = (
					"$(inherited)",
					"@executable_path/Frameworks",
				);
				PRODUCT_BUNDLE_IDENTIFIER = com.tomisin.CurrencyCalculator;
				PRODUCT_NAME = "$(TARGET_NAME)";
				SWIFT_VERSION = 4.0;
				TARGETED_DEVICE_FAMILY = "1,2";
			};
			name = Debug;
		};
		4F275C59259C148A005E8182 /* Release */ = {
			isa = XCBuildConfiguration;
			baseConfigurationReference = 20B85831705C7C9D4D91E4D7 /* Pods-CurrencyCalculator.release.xcconfig */;
			buildSettings = {
				ASSETCATALOG_COMPILER_APPICON_NAME = AppIcon;
				ASSETCATALOG_COMPILER_GLOBAL_ACCENT_COLOR_NAME = AccentColor;
				CODE_SIGN_STYLE = Automatic;
				INFOPLIST_FILE = CurrencyCalculator/Info.plist;
				LD_RUNPATH_SEARCH_PATHS = (
					"$(inherited)",
					"@executable_path/Frameworks",
				);
				PRODUCT_BUNDLE_IDENTIFIER = com.tomisin.CurrencyCalculator;
				PRODUCT_NAME = "$(TARGET_NAME)";
				SWIFT_VERSION = 4.0;
				TARGETED_DEVICE_FAMILY = "1,2";
			};
			name = Release;
		};
		4F275C5B259C148A005E8182 /* Debug */ = {
			isa = XCBuildConfiguration;
			baseConfigurationReference = DC52C350527F101AE179ACB3 /* Pods-CurrencyCalculatorTests.debug.xcconfig */;
			buildSettings = {
				ALWAYS_EMBED_SWIFT_STANDARD_LIBRARIES = YES;
				BUNDLE_LOADER = "$(TEST_HOST)";
				CODE_SIGN_STYLE = Automatic;
				INFOPLIST_FILE = CurrencyCalculatorTests/Info.plist;
				IPHONEOS_DEPLOYMENT_TARGET = 14.2;
				LD_RUNPATH_SEARCH_PATHS = (
					"$(inherited)",
					"@executable_path/Frameworks",
					"@loader_path/Frameworks",
				);
				PRODUCT_BUNDLE_IDENTIFIER = com.tomisin.CurrencyCalculatorTests;
				PRODUCT_NAME = "$(TARGET_NAME)";
				SWIFT_VERSION = 5.0;
				TARGETED_DEVICE_FAMILY = "1,2";
				TEST_HOST = "$(BUILT_PRODUCTS_DIR)/CurrencyCalculator.app/CurrencyCalculator";
			};
			name = Debug;
		};
		4F275C5C259C148A005E8182 /* Release */ = {
			isa = XCBuildConfiguration;
			baseConfigurationReference = DFBF0832BF1F913343F0FF3E /* Pods-CurrencyCalculatorTests.release.xcconfig */;
			buildSettings = {
				ALWAYS_EMBED_SWIFT_STANDARD_LIBRARIES = YES;
				BUNDLE_LOADER = "$(TEST_HOST)";
				CODE_SIGN_STYLE = Automatic;
				INFOPLIST_FILE = CurrencyCalculatorTests/Info.plist;
				IPHONEOS_DEPLOYMENT_TARGET = 14.2;
				LD_RUNPATH_SEARCH_PATHS = (
					"$(inherited)",
					"@executable_path/Frameworks",
					"@loader_path/Frameworks",
				);
				PRODUCT_BUNDLE_IDENTIFIER = com.tomisin.CurrencyCalculatorTests;
				PRODUCT_NAME = "$(TARGET_NAME)";
				SWIFT_VERSION = 5.0;
				TARGETED_DEVICE_FAMILY = "1,2";
				TEST_HOST = "$(BUILT_PRODUCTS_DIR)/CurrencyCalculator.app/CurrencyCalculator";
			};
			name = Release;
		};
		4F275C5E259C148A005E8182 /* Debug */ = {
			isa = XCBuildConfiguration;
			baseConfigurationReference = 96E7E00C19AA3F7E35D30F9C /* Pods-CurrencyCalculator-CurrencyCalculatorUITests.debug.xcconfig */;
			buildSettings = {
				ALWAYS_EMBED_SWIFT_STANDARD_LIBRARIES = YES;
				CODE_SIGN_STYLE = Automatic;
				INFOPLIST_FILE = CurrencyCalculatorUITests/Info.plist;
				LD_RUNPATH_SEARCH_PATHS = (
					"$(inherited)",
					"@executable_path/Frameworks",
					"@loader_path/Frameworks",
				);
				PRODUCT_BUNDLE_IDENTIFIER = com.tomisin.CurrencyCalculatorUITests;
				PRODUCT_NAME = "$(TARGET_NAME)";
				SWIFT_VERSION = 5.0;
				TARGETED_DEVICE_FAMILY = "1,2";
				TEST_TARGET_NAME = CurrencyCalculator;
			};
			name = Debug;
		};
		4F275C5F259C148A005E8182 /* Release */ = {
			isa = XCBuildConfiguration;
			baseConfigurationReference = 9A8A6C4B3102AC7AE4E9148D /* Pods-CurrencyCalculator-CurrencyCalculatorUITests.release.xcconfig */;
			buildSettings = {
				ALWAYS_EMBED_SWIFT_STANDARD_LIBRARIES = YES;
				CODE_SIGN_STYLE = Automatic;
				INFOPLIST_FILE = CurrencyCalculatorUITests/Info.plist;
				LD_RUNPATH_SEARCH_PATHS = (
					"$(inherited)",
					"@executable_path/Frameworks",
					"@loader_path/Frameworks",
				);
				PRODUCT_BUNDLE_IDENTIFIER = com.tomisin.CurrencyCalculatorUITests;
				PRODUCT_NAME = "$(TARGET_NAME)";
				SWIFT_VERSION = 5.0;
				TARGETED_DEVICE_FAMILY = "1,2";
				TEST_TARGET_NAME = CurrencyCalculator;
			};
			name = Release;
		};
/* End XCBuildConfiguration section */

/* Begin XCConfigurationList section */
		4F275C28259C1487005E8182 /* Build configuration list for PBXProject "CurrencyCalculator" */ = {
			isa = XCConfigurationList;
			buildConfigurations = (
				4F275C55259C148A005E8182 /* Debug */,
				4F275C56259C148A005E8182 /* Release */,
			);
			defaultConfigurationIsVisible = 0;
			defaultConfigurationName = Release;
		};
		4F275C57259C148A005E8182 /* Build configuration list for PBXNativeTarget "CurrencyCalculator" */ = {
			isa = XCConfigurationList;
			buildConfigurations = (
				4F275C58259C148A005E8182 /* Debug */,
				4F275C59259C148A005E8182 /* Release */,
			);
			defaultConfigurationIsVisible = 0;
			defaultConfigurationName = Release;
		};
		4F275C5A259C148A005E8182 /* Build configuration list for PBXNativeTarget "CurrencyCalculatorTests" */ = {
			isa = XCConfigurationList;
			buildConfigurations = (
				4F275C5B259C148A005E8182 /* Debug */,
				4F275C5C259C148A005E8182 /* Release */,
			);
			defaultConfigurationIsVisible = 0;
			defaultConfigurationName = Release;
		};
		4F275C5D259C148A005E8182 /* Build configuration list for PBXNativeTarget "CurrencyCalculatorUITests" */ = {
			isa = XCConfigurationList;
			buildConfigurations = (
				4F275C5E259C148A005E8182 /* Debug */,
				4F275C5F259C148A005E8182 /* Release */,
			);
			defaultConfigurationIsVisible = 0;
			defaultConfigurationName = Release;
		};
/* End XCConfigurationList section */
	};
	rootObject = 4F275C25259C1487005E8182 /* Project object */;
}
